
Microsoft Visual Studio Solution File, Format Version 12.00
# Visual Studio 15
VisualStudioVersion = 15.0.27130.2003
MinimumVisualStudioVersion = 10.0.40219.1
Project("{9A19103F-16F7-4668-BE54-9A1E7A4F7556}") = "AWSLambda1Template", "AWSLambda1Template\AWSLambda1Template.csproj", "{FEEBA423-B5A3-4F18-BD6D-7AEECF6FD217}"
EndProject
Global
	GlobalSection(SolutionConfigurationPlatforms) = preSolution
		Debug|Any CPU = Debug|Any CPU
		Release|Any CPU = Release|Any CPU
	EndGlobalSection
	GlobalSection(ProjectConfigurationPlatforms) = postSolution
		{FEEBA423-B5A3-4F18-BD6D-7AEECF6FD217}.Debug|Any CPU.ActiveCfg = Debug|Any CPU
		{FEEBA423-B5A3-4F18-BD6D-7AEECF6FD217}.Debug|Any CPU.Build.0 = Debug|Any CPU
		{FEEBA423-B5A3-4F18-BD6D-7AEECF6FD217}.Release|Any CPU.ActiveCfg = Release|Any CPU
		{FEEBA423-B5A3-4F18-BD6D-7AEECF6FD217}.Release|Any CPU.Build.0 = Release|Any CPU
	EndGlobalSection
	GlobalSection(SolutionProperties) = preSolution
		HideSolutionNode = FALSE
	EndGlobalSection
	GlobalSection(ExtensibilityGlobals) = postSolution
		SolutionGuid = {164A84A1-E2B9-46E1-AAD7-FB99C4BD807B}
	EndGlobalSection
EndGlobal
